
Microsoft Visual Studio Solution File, Format Version 12.00
# Visual Studio Version 17
VisualStudioVersion = 17.8.34525.116
MinimumVisualStudioVersion = 10.0.40219.1
Project("{FAE04EC0-301F-11D3-BF4B-00C04F79EFBC}") = "RentToRideWebApi", "RentToRideWebApi.csproj", "{06B1F7B0-35FA-433D-BF09-D9B95D22DC68}"
EndProject
Global
	GlobalSection(SolutionConfigurationPlatforms) = preSolution
		Debug|Any CPU = Debug|Any CPU
		Release|Any CPU = Release|Any CPU
	EndGlobalSection
	GlobalSection(ProjectConfigurationPlatforms) = postSolution
		{06B1F7B0-35FA-433D-BF09-D9B95D22DC68}.Debug|Any CPU.ActiveCfg = Debug|Any CPU
		{06B1F7B0-35FA-433D-BF09-D9B95D22DC68}.Debug|Any CPU.Build.0 = Debug|Any CPU
		{06B1F7B0-35FA-433D-BF09-D9B95D22DC68}.Release|Any CPU.ActiveCfg = Release|Any CPU
		{06B1F7B0-35FA-433D-BF09-D9B95D22DC68}.Release|Any CPU.Build.0 = Release|Any CPU
	EndGlobalSection
	GlobalSection(SolutionProperties) = preSolution
		HideSolutionNode = FALSE
	EndGlobalSection
	GlobalSection(ExtensibilityGlobals) = postSolution
		SolutionGuid = {404DEA9E-F8BF-4E56-8EC5-7C29D5E1A6A0}
	EndGlobalSection
EndGlobal
